{
  "nodes": {
    "nixpkgs": {
      "locked": {
        "lastModified": 1788530145,
        "narHash": "sha256-bpyEMO7z3gUON5D8xBLcAunlIk4a51xgqYvcPMy1jNE=",
        "owner": "NixOS",
        "repo": "nixpkgs",
        "rev": "d3f31061552578365784624eee5f70e94b6a4752",
        "type": "github"
      },
      "original": {
        "owner": "NixOS",
        "ref": "master",
        "repo": "nixpkgs",
        "type": "github"
      }
    },
    "root": {
      "inputs": {
        "nixpkgs": "nixpkgs"
      }
    }
  },
  "root": "root",
  "version": 7
}
