{
  "nodes": {
    "nixpkgs": {
      "locked": {
        "lastModified": 1789680901,
        "narHash": "sha256-LPl2P/6cCxSdq6TSyCq6MqiplzgRLOvbwTZd7DARzhI=",
        "owner": "NixOS",
        "repo": "nixpkgs",
        "rev": "a839a20988e3946e4b90d64e05427d4a48b38beb",
        "type": "github"
      },
      "original": {
        "owner": "NixOS",
        "ref": "master",
        "repo": "nixpkgs",
        "type": "github"
      }
    },
    "root": {
      "inputs": {
        "nixpkgs": "nixpkgs"
      }
    }
  },
  "root": "root",
  "version": 7
}
