{
  "nodes": {
    "nixpkgs": {
      "locked": {
        "lastModified": 1789955429,
        "narHash": "sha256-LHiBMzdUTVXZTBRp8LyT/pikA5xcQmzixsHuA78NDus=",
        "owner": "NixOS",
        "repo": "nixpkgs",
        "rev": "87abe03165053b8327aea6150e0f5eb5cd591f04",
        "type": "github"
      },
      "original": {
        "owner": "NixOS",
        "ref": "master",
        "repo": "nixpkgs",
        "type": "github"
      }
    },
    "root": {
      "inputs": {
        "nixpkgs": "nixpkgs"
      }
    }
  },
  "root": "root",
  "version": 7
}
